
Microsoft Visual Studio Solution File, Format Version 12.00
# Visual Studio Version 17
VisualStudioVersion = 17.13.35806.99 d17.13
MinimumVisualStudioVersion = 10.0.40219.1
Project("{FAE04EC0-301F-11D3-BF4B-00C04F79EFBC}") = "GaraMVC", "GaraMVC.csproj", "{EE0649F3-A7F4-EA96-28D2-2776EFB5CA61}"
EndProject
Global
	GlobalSection(SolutionConfigurationPlatforms) = preSolution
		Debug|Any CPU = Debug|Any CPU
		Release|Any CPU = Release|Any CPU
	EndGlobalSection
	GlobalSection(ProjectConfigurationPlatforms) = postSolution
		{EE0649F3-A7F4-EA96-28D2-2776EFB5CA61}.Debug|Any CPU.ActiveCfg = Debug|Any CPU
		{EE0649F3-A7F4-EA96-28D2-2776EFB5CA61}.Debug|Any CPU.Build.0 = Debug|Any CPU
		{EE0649F3-A7F4-EA96-28D2-2776EFB5CA61}.Release|Any CPU.ActiveCfg = Release|Any CPU
		{EE0649F3-A7F4-EA96-28D2-2776EFB5CA61}.Release|Any CPU.Build.0 = Release|Any CPU
	EndGlobalSection
	GlobalSection(SolutionProperties) = preSolution
		HideSolutionNode = FALSE
	EndGlobalSection
	GlobalSection(ExtensibilityGlobals) = postSolution
		SolutionGuid = {6EF0F906-77E5-46A8-A551-2462DCFB06F9}
	EndGlobalSection
EndGlobal
